
Microsoft Visual Studio Solution File, Format Version 12.00
# Visual Studio 15
VisualStudioVersion = 15.0.28307.1231
MinimumVisualStudioVersion = 10.0.40219.1
Project("{888888A0-9F3D-457C-B088-3A5042F75D52}") = "iot_optimization_demo", "iot_optimization_demo\iot_optimization_demo.pyproj", "{2187E04D-DB15-4F24-A30A-2BCD34657E73}"
EndProject
Global
	GlobalSection(SolutionConfigurationPlatforms) = preSolution
		Debug|Any CPU = Debug|Any CPU
		Release|Any CPU = Release|Any CPU
	EndGlobalSection
	GlobalSection(ProjectConfigurationPlatforms) = postSolution
		{2187E04D-DB15-4F24-A30A-2BCD34657E73}.Debug|Any CPU.ActiveCfg = Debug|Any CPU
		{2187E04D-DB15-4F24-A30A-2BCD34657E73}.Release|Any CPU.ActiveCfg = Release|Any CPU
	EndGlobalSection
	GlobalSection(SolutionProperties) = preSolution
		HideSolutionNode = FALSE
	EndGlobalSection
	GlobalSection(ExtensibilityGlobals) = postSolution
		SolutionGuid = {52801FD9-1AB7-485D-9E28-F138576DEB64}
	EndGlobalSection
EndGlobal
